
Microsoft Visual Studio Solution File, Format Version 12.00
# Visual Studio Version 16
VisualStudioVersion = 16.0.30804.86
MinimumVisualStudioVersion = 10.0.40219.1
Project("{FAE04EC0-301F-11D3-BF4B-00C04F79EFBC}") = "BilibiliUp", "BilibiliUp\BilibiliUp.csproj", "{FF45C48B-91C2-441C-A7E3-56B1689D70F6}"
EndProject
Global
	GlobalSection(SolutionConfigurationPlatforms) = preSolution
		Debug|Any CPU = Debug|Any CPU
		Release|Any CPU = Release|Any CPU
	EndGlobalSection
	GlobalSection(ProjectConfigurationPlatforms) = postSolution
		{FF45C48B-91C2-441C-A7E3-56B1689D70F6}.Debug|Any CPU.ActiveCfg = Debug|Any CPU
		{FF45C48B-91C2-441C-A7E3-56B1689D70F6}.Debug|Any CPU.Build.0 = Debug|Any CPU
		{FF45C48B-91C2-441C-A7E3-56B1689D70F6}.Release|Any CPU.ActiveCfg = Release|Any CPU
		{FF45C48B-91C2-441C-A7E3-56B1689D70F6}.Release|Any CPU.Build.0 = Release|Any CPU
	EndGlobalSection
	GlobalSection(SolutionProperties) = preSolution
		HideSolutionNode = FALSE
	EndGlobalSection
	GlobalSection(ExtensibilityGlobals) = postSolution
		SolutionGuid = {DC92F66D-FCBE-4294-857D-9F0FD7314620}
	EndGlobalSection
EndGlobal
